// !$*UTF8*$!
{
	archiveVersion = 1;
	classes = {
	};
	objectVersion = 46;
	objects = {

/* Begin PBXBuildFile section */
		7E6AF8841E28D5A0003419B3 /* AppDelegate.swift in Sources */ = {isa = PBXBuildFile; fileRef = 7E6AF8831E28D5A0003419B3 /* AppDelegate.swift */; };
		7E6AF8861E28D5A0003419B3 /* ViewController.swift in Sources */ = {isa = PBXBuildFile; fileRef = 7E6AF8851E28D5A0003419B3 /* ViewController.swift */; };
		7E6AF8881E28D5A0003419B3 /* Assets.xcassets in Resources */ = {isa = PBXBuildFile; fileRef = 7E6AF8871E28D5A0003419B3 /* Assets.xcassets */; };
		7E6AF88B1E28D5A0003419B3 /* Main.storyboard in Resources */ = {isa = PBXBuildFile; fileRef = 7E6AF8891E28D5A0003419B3 /* Main.storyboard */; };
/* End PBXBuildFile section */

/* Begin PBXFileReference section */
		7E6AF8801E28D5A0003419B3 /* Chronus.app */ = {isa = PBXFileReference; explicitFileType = wrapper.application; includeInIndex = 0; path = Chronus.app; sourceTree = BUILT_PRODUCTS_DIR; };
		7E6AF8831E28D5A0003419B3 /* AppDelegate.swift */ = {isa = PBXFileReference; lastKnownFileType = sourcecode.swift; path = AppDelegate.swift; sourceTree = "<group>"; };
		7E6AF8851E28D5A0003419B3 /* ViewController.swift */ = {isa = PBXFileReference; lastKnownFileType = sourcecode.swift; path = ViewController.swift; sourceTree = "<group>"; };
		7E6AF8871E28D5A0003419B3 /* Assets.xcassets */ = {isa = PBXFileReference; lastKnownFileType = folder.assetcatalog; path = Assets.xcassets; sourceTree = "<group>"; };
		7E6AF88A1E28D5A0003419B3 /* Base */ = {isa = PBXFileReference; lastKnownFileType = file.storyboard; name = Base; path = Base.lproj/Main.storyboard; sourceTree = "<group>"; };
		7E6AF88C1E28D5A0003419B3 /* Info.plist */ = {isa = PBXFileReference; lastKnownFileType = text.plist.xml; path = Info.plist; sourceTree = "<group>"; };
/* End PBXFileReference section */

/* Begin PBXFrameworksBuildPhase section */
		7E6AF87D1E28D5A0003419B3 /* Frameworks */ = {
			isa = PBXFrameworksBuildPhase;
			buildActionMask = 2147483647;
			files = (
			);
			runOnlyForDeploymentPostprocessing = 0;
		};
/* End PBXFrameworksBuildPhase section */

/* Begin PBXGroup section */
		7E6AF8771E28D5A0003419B3 = {
			isa = PBXGroup;
			children = (
				7E6AF8821E28D5A0003419B3 /* Chronus */,
				7E6AF8811E28D5A0003419B3 /* Products */,
			);
			sourceTree = "<group>";
		};
		7E6AF8811E28D5A0003419B3 /* Products */ = {
			isa = PBXGroup;
			children = (
				7E6AF8801E28D5A0003419B3 /* Chronus.app */,
			);
			name = Products;
			sourceTree = "<group>";
		};
		7E6AF8821E28D5A0003419B3 /* Chronus */ = {
			isa = PBXGroup;
			children = (
				7E6AF8831E28D5A0003419B3 /* AppDelegate.swift */,
				7E6AF8851E28D5A0003419B3 /* ViewController.swift */,
				7E6AF8871E28D5A0003419B3 /* Assets.xcassets */,
				7E6AF8891E28D5A0003419B3 /* Main.storyboard */,
				7E6AF88C1E28D5A0003419B3 /* Info.plist */,
			);
			path = Chronus;
			sourceTree = "<group>";
		};
/* End PBXGroup section */

/* Begin PBXNativeTarget section */
		7E6AF87F1E28D5A0003419B3 /* Chronus */ = {
			isa = PBXNativeTarget;
			buildConfigurationList = 7E6AF88F1E28D5A0003419B3 /* Build configuration list for PBXNativeTarget "Chronus" */;
			buildPhases = (
				7E6AF87C1E28D5A0003419B3 /* Sources */,
				7E6AF87D1E28D5A0003419B3 /* Frameworks */,
				7E6AF87E1E28D5A0003419B3 /* Resources */,
			);
			buildRules = (
			);
			dependencies = (
			);
			name = Chronus;
			productName = Chronus;
			productReference = 7E6AF8801E28D5A0003419B3 /* Chronus.app */;
			productType = "com.apple.product-type.application";
		};
/* End PBXNativeTarget section */

/* Begin PBXProject section */
		7E6AF8781E28D5A0003419B3 /* Project object */ = {
			isa = PBXProject;
			attributes = {
				LastSwiftUpdateCheck = 0820;
				LastUpgradeCheck = 0820;
				ORGANIZATIONNAME = "Shao Tianchi";
				TargetAttributes = {
					7E6AF87F1E28D5A0003419B3 = {
						CreatedOnToolsVersion = 8.2.1;
						DevelopmentTeam = JL5DG96Y3E;
						ProvisioningStyle = Automatic;
					};
				};
			};
			buildConfigurationList = 7E6AF87B1E28D5A0003419B3 /* Build configuration list for PBXProject "Chronus" */;
			compatibilityVersion = "Xcode 3.2";
			developmentRegion = English;
			hasScannedForEncodings = 0;
			knownRegions = (
				en,
				Base,
			);
			mainGroup = 7E6AF8771E28D5A0003419B3;
			productRefGroup = 7E6AF8811E28D5A0003419B3 /* Products */;
			projectDirPath = "";
			projectRoot = "";
			targets = (
				7E6AF87F1E28D5A0003419B3 /* Chronus */,
			);
		};
/* End PBXProject section */

/* Begin PBXResourcesBuildPhase section */
		7E6AF87E1E28D5A0003419B3 /* Resources */ = {
			isa = PBXResourcesBuildPhase;
			buildActionMask = 2147483647;
			files = (
				7E6AF8881E28D5A0003419B3 /* Assets.xcassets in Resources */,
				7E6AF88B1E28D5A0003419B3 /* Main.storyboard in Resources */,
			);
			runOnlyForDeploymentPostprocessing = 0;
		};
/* End PBXResourcesBuildPhase section */

/* Begin PBXSourcesBuildPhase section */
		7E6AF87C1E28D5A0003419B3 /* Sources */ = {
			isa = PBXSourcesBuildPhase;
			buildActionMask = 2147483647;
			files = (
				7E6AF8861E28D5A0003419B3 /* ViewController.swift in Sources */,
				7E6AF8841E28D5A0003419B3 /* AppDelegate.swift in Sources */,
			);
			runOnlyForDeploymentPostprocessing = 0;
		};
/* End PBXSourcesBuildPhase section */

/* Begin PBXVariantGroup section */
		7E6AF8891E28D5A0003419B3 /* Main.storyboard */ = {
			isa = PBXVariantGroup;
			children = (
				7E6AF88A1E28D5A0003419B3 /* Base */,
			);
			name = Main.storyboard;
			sourceTree = "<group>";
		};
/* End PBXVariantGroup section */

/* Begin XCBuildConfiguration section */
		7E6AF88D1E28D5A0003419B3 /* Debug */ = {
			isa = XCBuildConfiguration;
			buildSettings = {
				ALWAYS_SEARCH_USER_PATHS = NO;
				CLANG_ANALYZER_NONNULL = YES;
				CLANG_CXX_LANGUAGE_STANDARD = "gnu++0x";
				CLANG_CXX_LIBRARY = "libc++";
				CLANG_ENABLE_MODULES = YES;
				CLANG_ENABLE_OBJC_ARC = YES;
				CLANG_WARN_BOOL_CONVERSION = YES;
				CLANG_WARN_CONSTANT_CONVERSION = YES;
				CLANG_WARN_DIRECT_OBJC_ISA_USAGE = YES_ERROR;
				CLANG_WARN_DOCUMENTATION_COMMENTS = YES;
				CLANG_WARN_EMPTY_BODY = YES;
				CLANG_WARN_ENUM_CONVERSION = YES;
				CLANG_WARN_INFINITE_RECURSION = YES;
				CLANG_WARN_INT_CONVERSION = YES;
				CLANG_WARN_OBJC_ROOT_CLASS = YES_ERROR;
				CLANG_WARN_SUSPICIOUS_MOVE = YES;
				CLANG_WARN_UNREACHABLE_CODE = YES;
				CLANG_WARN__DUPLICATE_METHOD_MATCH = YES;
				CODE_SIGN_IDENTITY = "-";
				COPY_PHASE_STRIP = NO;
				DEBUG_INFORMATION_FORMAT = dwarf;
				ENABLE_STRICT_OBJC_MSGSEND = YES;
				ENABLE_TESTABILITY = YES;
				GCC_C_LANGUAGE_STANDARD = gnu99;
				GCC_DYNAMIC_NO_PIC = NO;
				GCC_NO_COMMON_BLOCKS = YES;
				GCC_OPTIMIZATION_LEVEL = 0;
				GCC_PREPROCESSOR_DEFINITIONS = (
					"DEBUG=1",
					"$(inherited)",
				);
				GCC_WARN_64_TO_32_BIT_CONVERSION = YES;
				GCC_WARN_ABOUT_RETURN_TYPE = YES_ERROR;
				GCC_WARN_UNDECLARED_SELECTOR = YES;
				GCC_WARN_UNINITIALIZED_AUTOS = YES_AGGRESSIVE;
				GCC_WARN_UNUSED_FUNCTION = YES;
				GCC_WARN_UNUSED_VARIABLE = YES;
				MACOSX_DEPLOYMENT_TARGET = 10.12;
				MTL_ENABLE_DEBUG_INFO = YES;
				ONLY_ACTIVE_ARCH = YES;
				SDKROOT = macosx;
				SWIFT_ACTIVE_COMPILATION_CONDITIONS = DEBUG;
				SWIFT_OPTIMIZATION_LEVEL = "-Onone";
			};
			name = Debug;
		};
		7E6AF88E1E28D5A0003419B3 /* Release */ = {
			isa = XCBuildConfiguration;
			buildSettings = {
				ALWAYS_SEARCH_USER_PATHS = NO;
				CLANG_ANALYZER_NONNULL = YES;
				CLANG_CXX_LANGUAGE_STANDARD = "gnu++0x";
				CLANG_CXX_LIBRARY = "libc++";
				CLANG_ENABLE_MODULES = YES;
				CLANG_ENABLE_OBJC_ARC = YES;
				CLANG_WARN_BOOL_CONVERSION = YES;
				CLANG_WARN_CONSTANT_CONVERSION = YES;
				CLANG_WARN_DIRECT_OBJC_ISA_USAGE = YES_ERROR;
				CLANG_WARN_DOCUMENTATION_COMMENTS = YES;
				CLANG_WARN_EMPTY_BODY = YES;
				CLANG_WARN_ENUM_CONVERSION = YES;
				CLANG_WARN_INFINITE_RECURSION = YES;
				CLANG_WARN_INT_CONVERSION = YES;
				CLANG_WARN_OBJC_ROOT_CLASS = YES_ERROR;
				CLANG_WARN_SUSPICIOUS_MOVE = YES;
				CLANG_WARN_UNREACHABLE_CODE = YES;
				CLANG_WARN__DUPLICATE_METHOD_MATCH = YES;
				CODE_SIGN_IDENTITY = "-";
				COPY_PHASE_STRIP = NO;
				DEBUG_INFORMATION_FORMAT = "dwarf-with-dsym";
				ENABLE_NS_ASSERTIONS = NO;
				ENABLE_STRICT_OBJC_MSGSEND = YES;
				GCC_C_LANGUAGE_STANDARD = gnu99;
				GCC_NO_COMMON_BLOCKS = YES;
				GCC_WARN_64_TO_32_BIT_CONVERSION = YES;
				GCC_WARN_ABOUT_RETURN_TYPE = YES_ERROR;
				GCC_WARN_UNDECLARED_SELECTOR = YES;
				GCC_WARN_UNINITIALIZED_AUTOS = YES_AGGRESSIVE;
				GCC_WARN_UNUSED_FUNCTION = YES;
				GCC_WARN_UNUSED_VARIABLE = YES;
				MACOSX_DEPLOYMENT_TARGET = 10.12;
				MTL_ENABLE_DEBUG_INFO = NO;
				SDKROOT = macosx;
				SWIFT_OPTIMIZATION_LEVEL = "-Owholemodule";
			};
			name = Release;
		};
		7E6AF8901E28D5A0003419B3 /* Debug */ = {
			isa = XCBuildConfiguration;
			buildSettings = {
				ASSETCATALOG_COMPILER_APPICON_NAME = AppIcon;
				COMBINE_HIDPI_IMAGES = YES;
				DEVELOPMENT_TEAM = JL5DG96Y3E;
				INFOPLIST_FILE = Chronus/Info.plist;
				LD_RUNPATH_SEARCH_PATHS = "$(inherited) @executable_path/../Frameworks";
				PRODUCT_BUNDLE_IDENTIFIER = com.rainbow.Chronus;
				PRODUCT_NAME = "$(TARGET_NAME)";
				SWIFT_VERSION = 3.0;
			};
			name = Debug;
		};
		7E6AF8911E28D5A0003419B3 /* Release */ = {
			isa = XCBuildConfiguration;
			buildSettings = {
				ASSETCATALOG_COMPILER_APPICON_NAME = AppIcon;
				COMBINE_HIDPI_IMAGES = YES;
				DEVELOPMENT_TEAM = JL5DG96Y3E;
				INFOPLIST_FILE = Chronus/Info.plist;
				LD_RUNPATH_SEARCH_PATHS = "$(inherited) @executable_path/../Frameworks";
				PRODUCT_BUNDLE_IDENTIFIER = com.rainbow.Chronus;
				PRODUCT_NAME = "$(TARGET_NAME)";
				SWIFT_VERSION = 3.0;
			};
			name = Release;
		};
/* End XCBuildConfiguration section */

/* Begin XCConfigurationList section */
		7E6AF87B1E28D5A0003419B3 /* Build configuration list for PBXProject "Chronus" */ = {
			isa = XCConfigurationList;
			buildConfigurations = (
				7E6AF88D1E28D5A0003419B3 /* Debug */,
				7E6AF88E1E28D5A0003419B3 /* Release */,
			);
			defaultConfigurationIsVisible = 0;
			defaultConfigurationName = Release;
		};
		7E6AF88F1E28D5A0003419B3 /* Build configuration list for PBXNativeTarget "Chronus" */ = {
			isa = XCConfigurationList;
			buildConfigurations = (
				7E6AF8901E28D5A0003419B3 /* Debug */,
				7E6AF8911E28D5A0003419B3 /* Release */,
			);
			defaultConfigurationIsVisible = 0;
		};
/* End XCConfigurationList section */
	};
	rootObject = 7E6AF8781E28D5A0003419B3 /* Project object */;
}
